
Microsoft Visual Studio Solution File, Format Version 12.00
# Visual Studio Version 17
VisualStudioVersion = 17.1.32407.343
MinimumVisualStudioVersion = 10.0.40219.1
Project("{FAE04EC0-301F-11D3-BF4B-00C04F79EFBC}") = "TheFoodRecipe.Android", "TheFoodRecipe.Android\TheFoodRecipe.Android.csproj", "{BB153155-AA41-4A48-ABC4-DA6702D46A08}"
EndProject
Project("{FAE04EC0-301F-11D3-BF4B-00C04F79EFBC}") = "TheFoodRecipe.iOS", "TheFoodRecipe.iOS\TheFoodRecipe.iOS.csproj", "{8AB72C4F-EE25-49FA-8344-160817ACBF80}"
EndProject
Project("{FAE04EC0-301F-11D3-BF4B-00C04F79EFBC}") = "TheFoodRecipe", "TheFoodRecipe\TheFoodRecipe.csproj", "{5C06B7C3-3E81-4B33-A155-8B2531D7EA92}"
EndProject
Global
	GlobalSection(SolutionConfigurationPlatforms) = preSolution
		Debug|Any CPU = Debug|Any CPU
		Debug|iPhone = Debug|iPhone
		Debug|iPhoneSimulator = Debug|iPhoneSimulator
		Release|Any CPU = Release|Any CPU
		Release|iPhone = Release|iPhone
		Release|iPhoneSimulator = Release|iPhoneSimulator
	EndGlobalSection
	GlobalSection(ProjectConfigurationPlatforms) = postSolution
		{BB153155-AA41-4A48-ABC4-DA6702D46A08}.Debug|Any CPU.ActiveCfg = Debug|Any CPU
		{BB153155-AA41-4A48-ABC4-DA6702D46A08}.Debug|Any CPU.Build.0 = Debug|Any CPU
		{BB153155-AA41-4A48-ABC4-DA6702D46A08}.Debug|Any CPU.Deploy.0 = Debug|Any CPU
		{BB153155-AA41-4A48-ABC4-DA6702D46A08}.Debug|iPhone.ActiveCfg = Debug|Any CPU
		{BB153155-AA41-4A48-ABC4-DA6702D46A08}.Debug|iPhone.Build.0 = Debug|Any CPU
		{BB153155-AA41-4A48-ABC4-DA6702D46A08}.Debug|iPhone.Deploy.0 = Debug|Any CPU
		{BB153155-AA41-4A48-ABC4-DA6702D46A08}.Debug|iPhoneSimulator.ActiveCfg = Debug|Any CPU
		{BB153155-AA41-4A48-ABC4-DA6702D46A08}.Debug|iPhoneSimulator.Build.0 = Debug|Any CPU
		{BB153155-AA41-4A48-ABC4-DA6702D46A08}.Debug|iPhoneSimulator.Deploy.0 = Debug|Any CPU
		{BB153155-AA41-4A48-ABC4-DA6702D46A08}.Release|Any CPU.ActiveCfg = Release|Any CPU
		{BB153155-AA41-4A48-ABC4-DA6702D46A08}.Release|Any CPU.Build.0 = Release|Any CPU
		{BB153155-AA41-4A48-ABC4-DA6702D46A08}.Release|Any CPU.Deploy.0 = Release|Any CPU
		{BB153155-AA41-4A48-ABC4-DA6702D46A08}.Release|iPhone.ActiveCfg = Release|Any CPU
		{BB153155-AA41-4A48-ABC4-DA6702D46A08}.Release|iPhone.Build.0 = Release|Any CPU
		{BB153155-AA41-4A48-ABC4-DA6702D46A08}.Release|iPhone.Deploy.0 = Release|Any CPU
		{BB153155-AA41-4A48-ABC4-DA6702D46A08}.Release|iPhoneSimulator.ActiveCfg = Release|Any CPU
		{BB153155-AA41-4A48-ABC4-DA6702D46A08}.Release|iPhoneSimulator.Build.0 = Release|Any CPU
		{BB153155-AA41-4A48-ABC4-DA6702D46A08}.Release|iPhoneSimulator.Deploy.0 = Release|Any CPU
		{8AB72C4F-EE25-49FA-8344-160817ACBF80}.Debug|Any CPU.ActiveCfg = Debug|iPhone
		{8AB72C4F-EE25-49FA-8344-160817ACBF80}.Debug|Any CPU.Build.0 = Debug|iPhone
		{8AB72C4F-EE25-49FA-8344-160817ACBF80}.Debug|Any CPU.Deploy.0 = Debug|iPhone
		{8AB72C4F-EE25-49FA-8344-160817ACBF80}.Debug|iPhone.ActiveCfg = Debug|iPhone
		{8AB72C4F-EE25-49FA-8344-160817ACBF80}.Debug|iPhone.Build.0 = Debug|iPhone
		{8AB72C4F-EE25-49FA-8344-160817ACBF80}.Debug|iPhone.Deploy.0 = Debug|iPhone
		{8AB72C4F-EE25-49FA-8344-160817ACBF80}.Debug|iPhoneSimulator.ActiveCfg = Debug|iPhoneSimulator
		{8AB72C4F-EE25-49FA-8344-160817ACBF80}.Debug|iPhoneSimulator.Build.0 = Debug|iPhoneSimulator
		{8AB72C4F-EE25-49FA-8344-160817ACBF80}.Debug|iPhoneSimulator.Deploy.0 = Debug|iPhoneSimulator
		{8AB72C4F-EE25-49FA-8344-160817ACBF80}.Release|Any CPU.ActiveCfg = Release|iPhoneSimulator
		{8AB72C4F-EE25-49FA-8344-160817ACBF80}.Release|Any CPU.Build.0 = Release|iPhoneSimulator
		{8AB72C4F-EE25-49FA-8344-160817ACBF80}.Release|Any CPU.Deploy.0 = Release|iPhoneSimulator
		{8AB72C4F-EE25-49FA-8344-160817ACBF80}.Release|iPhone.ActiveCfg = Release|iPhone
		{8AB72C4F-EE25-49FA-8344-160817ACBF80}.Release|iPhone.Build.0 = Release|iPhone
		{8AB72C4F-EE25-49FA-8344-160817ACBF80}.Release|iPhone.Deploy.0 = Release|iPhone
		{8AB72C4F-EE25-49FA-8344-160817ACBF80}.Release|iPhoneSimulator.ActiveCfg = Release|iPhoneSimulator
		{8AB72C4F-EE25-49FA-8344-160817ACBF80}.Release|iPhoneSimulator.Build.0 = Release|iPhoneSimulator
		{8AB72C4F-EE25-49FA-8344-160817ACBF80}.Release|iPhoneSimulator.Deploy.0 = Release|iPhoneSimulator
		{5C06B7C3-3E81-4B33-A155-8B2531D7EA92}.Debug|Any CPU.ActiveCfg = Debug|Any CPU
		{5C06B7C3-3E81-4B33-A155-8B2531D7EA92}.Debug|Any CPU.Build.0 = Debug|Any CPU
		{5C06B7C3-3E81-4B33-A155-8B2531D7EA92}.Debug|Any CPU.Deploy.0 = Debug|Any CPU
		{5C06B7C3-3E81-4B33-A155-8B2531D7EA92}.Debug|iPhone.ActiveCfg = Debug|Any CPU
		{5C06B7C3-3E81-4B33-A155-8B2531D7EA92}.Debug|iPhone.Build.0 = Debug|Any CPU
		{5C06B7C3-3E81-4B33-A155-8B2531D7EA92}.Debug|iPhone.Deploy.0 = Debug|Any CPU
		{5C06B7C3-3E81-4B33-A155-8B2531D7EA92}.Debug|iPhoneSimulator.ActiveCfg = Debug|Any CPU
		{5C06B7C3-3E81-4B33-A155-8B2531D7EA92}.Debug|iPhoneSimulator.Build.0 = Debug|Any CPU
		{5C06B7C3-3E81-4B33-A155-8B2531D7EA92}.Debug|iPhoneSimulator.Deploy.0 = Debug|Any CPU
		{5C06B7C3-3E81-4B33-A155-8B2531D7EA92}.Release|Any CPU.ActiveCfg = Release|Any CPU
		{5C06B7C3-3E81-4B33-A155-8B2531D7EA92}.Release|Any CPU.Build.0 = Release|Any CPU
		{5C06B7C3-3E81-4B33-A155-8B2531D7EA92}.Release|Any CPU.Deploy.0 = Release|Any CPU
		{5C06B7C3-3E81-4B33-A155-8B2531D7EA92}.Release|iPhone.ActiveCfg = Release|Any CPU
		{5C06B7C3-3E81-4B33-A155-8B2531D7EA92}.Release|iPhone.Build.0 = Release|Any CPU
		{5C06B7C3-3E81-4B33-A155-8B2531D7EA92}.Release|iPhone.Deploy.0 = Release|Any CPU
		{5C06B7C3-3E81-4B33-A155-8B2531D7EA92}.Release|iPhoneSimulator.ActiveCfg = Release|Any CPU
		{5C06B7C3-3E81-4B33-A155-8B2531D7EA92}.Release|iPhoneSimulator.Build.0 = Release|Any CPU
		{5C06B7C3-3E81-4B33-A155-8B2531D7EA92}.Release|iPhoneSimulator.Deploy.0 = Release|Any CPU
	EndGlobalSection
	GlobalSection(SolutionProperties) = preSolution
		HideSolutionNode = FALSE
	EndGlobalSection
	GlobalSection(ExtensibilityGlobals) = postSolution
		SolutionGuid = {482CB42E-65C0-4252-8200-AC88BF11F844}
	EndGlobalSection
EndGlobal
